// !$*UTF8*$!
{
	archiveVersion = 1;
	classes = {
	};
	objectVersion = 56;
	objects = {

/* Begin PBXBuildFile section */
		3B0497B62AB70722005EC6F0 /* AppDelegate.swift in Sources */ = {isa = PBXBuildFile; fileRef = 3B0497B52AB70722005EC6F0 /* AppDelegate.swift */; };
		3B0497B82AB70722005EC6F0 /* SceneDelegate.swift in Sources */ = {isa = PBXBuildFile; fileRef = 3B0497B72AB70722005EC6F0 /* SceneDelegate.swift */; };
		3B0497BF2AB70723005EC6F0 /* Assets.xcassets in Resources */ = {isa = PBXBuildFile; fileRef = 3B0497BE2AB70723005EC6F0 /* Assets.xcassets */; };
		3B0497C22AB70723005EC6F0 /* LaunchScreen.storyboard in Resources */ = {isa = PBXBuildFile; fileRef = 3B0497C02AB70723005EC6F0 /* LaunchScreen.storyboard */; };
		3B0497D22AB76B93005EC6F0 /* ModuleInteractor.swift in Sources */ = {isa = PBXBuildFile; fileRef = 3B0497D12AB76B93005EC6F0 /* ModuleInteractor.swift */; };
		3B0497D62AB783F4005EC6F0 /* ModulePresenter.swift in Sources */ = {isa = PBXBuildFile; fileRef = 3B0497D52AB783F4005EC6F0 /* ModulePresenter.swift */; };
		3B0497DA2AB7853E005EC6F0 /* PokemonEntity.swift in Sources */ = {isa = PBXBuildFile; fileRef = 3B0497D92AB7853E005EC6F0 /* PokemonEntity.swift */; };
		3B0497DC2AB7859C005EC6F0 /* ModuleRouter.swift in Sources */ = {isa = PBXBuildFile; fileRef = 3B0497DB2AB7859C005EC6F0 /* ModuleRouter.swift */; };
		3B0497DE2AB83AAF005EC6F0 /* ModuleViewController.swift in Sources */ = {isa = PBXBuildFile; fileRef = 3B0497DD2AB83AAF005EC6F0 /* ModuleViewController.swift */; };
		3B0497E02AB87561005EC6F0 /* PokemonModuleInteractor.swift in Sources */ = {isa = PBXBuildFile; fileRef = 3B0497DF2AB87561005EC6F0 /* PokemonModuleInteractor.swift */; };
		3B0497E22AB880D3005EC6F0 /* PokemonModulePresenter.swift in Sources */ = {isa = PBXBuildFile; fileRef = 3B0497E12AB880D3005EC6F0 /* PokemonModulePresenter.swift */; };
		3B0497E42AB88334005EC6F0 /* PokemonModuleRouter.swift in Sources */ = {isa = PBXBuildFile; fileRef = 3B0497E32AB88334005EC6F0 /* PokemonModuleRouter.swift */; };
		3B0497E62AB883E1005EC6F0 /* PokemonModuleViewController.swift in Sources */ = {isa = PBXBuildFile; fileRef = 3B0497E52AB883E1005EC6F0 /* PokemonModuleViewController.swift */; };
/* End PBXBuildFile section */

/* Begin PBXFileReference section */
		3B0497B22AB70722005EC6F0 /* pokemonApp.app */ = {isa = PBXFileReference; explicitFileType = wrapper.application; includeInIndex = 0; path = pokemonApp.app; sourceTree = BUILT_PRODUCTS_DIR; };
		3B0497B52AB70722005EC6F0 /* AppDelegate.swift */ = {isa = PBXFileReference; lastKnownFileType = sourcecode.swift; path = AppDelegate.swift; sourceTree = "<group>"; };
		3B0497B72AB70722005EC6F0 /* SceneDelegate.swift */ = {isa = PBXFileReference; lastKnownFileType = sourcecode.swift; path = SceneDelegate.swift; sourceTree = "<group>"; };
		3B0497BE2AB70723005EC6F0 /* Assets.xcassets */ = {isa = PBXFileReference; lastKnownFileType = folder.assetcatalog; path = Assets.xcassets; sourceTree = "<group>"; };
		3B0497C12AB70723005EC6F0 /* Base */ = {isa = PBXFileReference; lastKnownFileType = file.storyboard; name = Base; path = Base.lproj/LaunchScreen.storyboard; sourceTree = "<group>"; };
		3B0497C32AB70723005EC6F0 /* Info.plist */ = {isa = PBXFileReference; lastKnownFileType = text.plist.xml; path = Info.plist; sourceTree = "<group>"; };
		3B0497D12AB76B93005EC6F0 /* ModuleInteractor.swift */ = {isa = PBXFileReference; lastKnownFileType = sourcecode.swift; path = ModuleInteractor.swift; sourceTree = "<group>"; };
		3B0497D52AB783F4005EC6F0 /* ModulePresenter.swift */ = {isa = PBXFileReference; lastKnownFileType = sourcecode.swift; path = ModulePresenter.swift; sourceTree = "<group>"; };
		3B0497D92AB7853E005EC6F0 /* PokemonEntity.swift */ = {isa = PBXFileReference; lastKnownFileType = sourcecode.swift; path = PokemonEntity.swift; sourceTree = "<group>"; };
		3B0497DB2AB7859C005EC6F0 /* ModuleRouter.swift */ = {isa = PBXFileReference; lastKnownFileType = sourcecode.swift; path = ModuleRouter.swift; sourceTree = "<group>"; };
		3B0497DD2AB83AAF005EC6F0 /* ModuleViewController.swift */ = {isa = PBXFileReference; lastKnownFileType = sourcecode.swift; path = ModuleViewController.swift; sourceTree = "<group>"; };
		3B0497DF2AB87561005EC6F0 /* PokemonModuleInteractor.swift */ = {isa = PBXFileReference; lastKnownFileType = sourcecode.swift; path = PokemonModuleInteractor.swift; sourceTree = "<group>"; };
		3B0497E12AB880D3005EC6F0 /* PokemonModulePresenter.swift */ = {isa = PBXFileReference; lastKnownFileType = sourcecode.swift; path = PokemonModulePresenter.swift; sourceTree = "<group>"; };
		3B0497E32AB88334005EC6F0 /* PokemonModuleRouter.swift */ = {isa = PBXFileReference; lastKnownFileType = sourcecode.swift; path = PokemonModuleRouter.swift; sourceTree = "<group>"; };
		3B0497E52AB883E1005EC6F0 /* PokemonModuleViewController.swift */ = {isa = PBXFileReference; lastKnownFileType = sourcecode.swift; path = PokemonModuleViewController.swift; sourceTree = "<group>"; };
/* End PBXFileReference section */

/* Begin PBXFrameworksBuildPhase section */
		3B0497AF2AB70722005EC6F0 /* Frameworks */ = {
			isa = PBXFrameworksBuildPhase;
			buildActionMask = 2147483647;
			files = (
			);
			runOnlyForDeploymentPostprocessing = 0;
		};
/* End PBXFrameworksBuildPhase section */

/* Begin PBXGroup section */
		3B0497A92AB70722005EC6F0 = {
			isa = PBXGroup;
			children = (
				3B0497B42AB70722005EC6F0 /* pokemonApp */,
				3B0497B32AB70722005EC6F0 /* Products */,
			);
			sourceTree = "<group>";
		};
		3B0497B32AB70722005EC6F0 /* Products */ = {
			isa = PBXGroup;
			children = (
				3B0497B22AB70722005EC6F0 /* pokemonApp.app */,
			);
			name = Products;
			sourceTree = "<group>";
		};
		3B0497B42AB70722005EC6F0 /* pokemonApp */ = {
			isa = PBXGroup;
			children = (
				3B0497C92AB76626005EC6F0 /* App */,
				3B0497CA2AB7663C005EC6F0 /* View */,
				3B0497CE2AB7665B005EC6F0 /* Interactor */,
				3B0497CD2AB76656005EC6F0 /* Presenter */,
				3B0497CC2AB7664F005EC6F0 /* Entity */,
				3B0497CB2AB7664A005EC6F0 /* Router */,
				3B0497BE2AB70723005EC6F0 /* Assets.xcassets */,
				3B0497C02AB70723005EC6F0 /* LaunchScreen.storyboard */,
				3B0497C32AB70723005EC6F0 /* Info.plist */,
			);
			path = pokemonApp;
			sourceTree = "<group>";
		};
		3B0497C92AB76626005EC6F0 /* App */ = {
			isa = PBXGroup;
			children = (
				3B0497B52AB70722005EC6F0 /* AppDelegate.swift */,
				3B0497B72AB70722005EC6F0 /* SceneDelegate.swift */,
			);
			path = App;
			sourceTree = "<group>";
		};
		3B0497CA2AB7663C005EC6F0 /* View */ = {
			isa = PBXGroup;
			children = (
				3B0497DD2AB83AAF005EC6F0 /* ModuleViewController.swift */,
				3B0497E52AB883E1005EC6F0 /* PokemonModuleViewController.swift */,
			);
			path = View;
			sourceTree = "<group>";
		};
		3B0497CB2AB7664A005EC6F0 /* Router */ = {
			isa = PBXGroup;
			children = (
				3B0497DB2AB7859C005EC6F0 /* ModuleRouter.swift */,
				3B0497E32AB88334005EC6F0 /* PokemonModuleRouter.swift */,
			);
			path = Router;
			sourceTree = "<group>";
		};
		3B0497CC2AB7664F005EC6F0 /* Entity */ = {
			isa = PBXGroup;
			children = (
				3B0497D92AB7853E005EC6F0 /* PokemonEntity.swift */,
			);
			path = Entity;
			sourceTree = "<group>";
		};
		3B0497CD2AB76656005EC6F0 /* Presenter */ = {
			isa = PBXGroup;
			children = (
				3B0497D52AB783F4005EC6F0 /* ModulePresenter.swift */,
				3B0497E12AB880D3005EC6F0 /* PokemonModulePresenter.swift */,
			);
			path = Presenter;
			sourceTree = "<group>";
		};
		3B0497CE2AB7665B005EC6F0 /* Interactor */ = {
			isa = PBXGroup;
			children = (
				3B0497D12AB76B93005EC6F0 /* ModuleInteractor.swift */,
				3B0497DF2AB87561005EC6F0 /* PokemonModuleInteractor.swift */,
			);
			path = Interactor;
			sourceTree = "<group>";
		};
/* End PBXGroup section */

/* Begin PBXNativeTarget section */
		3B0497B12AB70722005EC6F0 /* pokemonApp */ = {
			isa = PBXNativeTarget;
			buildConfigurationList = 3B0497C62AB70723005EC6F0 /* Build configuration list for PBXNativeTarget "pokemonApp" */;
			buildPhases = (
				3B0497AE2AB70722005EC6F0 /* Sources */,
				3B0497AF2AB70722005EC6F0 /* Frameworks */,
				3B0497B02AB70722005EC6F0 /* Resources */,
			);
			buildRules = (
			);
			dependencies = (
			);
			name = pokemonApp;
			productName = pokemonApp;
			productReference = 3B0497B22AB70722005EC6F0 /* pokemonApp.app */;
			productType = "com.apple.product-type.application";
		};
/* End PBXNativeTarget section */

/* Begin PBXProject section */
		3B0497AA2AB70722005EC6F0 /* Project object */ = {
			isa = PBXProject;
			attributes = {
				BuildIndependentTargetsInParallel = 1;
				LastSwiftUpdateCheck = 1430;
				LastUpgradeCheck = 1430;
				TargetAttributes = {
					3B0497B12AB70722005EC6F0 = {
						CreatedOnToolsVersion = 14.3.1;
					};
				};
			};
			buildConfigurationList = 3B0497AD2AB70722005EC6F0 /* Build configuration list for PBXProject "pokemonApp" */;
			compatibilityVersion = "Xcode 14.0";
			developmentRegion = en;
			hasScannedForEncodings = 0;
			knownRegions = (
				en,
				Base,
			);
			mainGroup = 3B0497A92AB70722005EC6F0;
			productRefGroup = 3B0497B32AB70722005EC6F0 /* Products */;
			projectDirPath = "";
			projectRoot = "";
			targets = (
				3B0497B12AB70722005EC6F0 /* pokemonApp */,
			);
		};
/* End PBXProject section */

/* Begin PBXResourcesBuildPhase section */
		3B0497B02AB70722005EC6F0 /* Resources */ = {
			isa = PBXResourcesBuildPhase;
			buildActionMask = 2147483647;
			files = (
				3B0497C22AB70723005EC6F0 /* LaunchScreen.storyboard in Resources */,
				3B0497BF2AB70723005EC6F0 /* Assets.xcassets in Resources */,
			);
			runOnlyForDeploymentPostprocessing = 0;
		};
/* End PBXResourcesBuildPhase section */

/* Begin PBXSourcesBuildPhase section */
		3B0497AE2AB70722005EC6F0 /* Sources */ = {
			isa = PBXSourcesBuildPhase;
			buildActionMask = 2147483647;
			files = (
				3B0497E42AB88334005EC6F0 /* PokemonModuleRouter.swift in Sources */,
				3B0497D62AB783F4005EC6F0 /* ModulePresenter.swift in Sources */,
				3B0497D22AB76B93005EC6F0 /* ModuleInteractor.swift in Sources */,
				3B0497E62AB883E1005EC6F0 /* PokemonModuleViewController.swift in Sources */,
				3B0497E02AB87561005EC6F0 /* PokemonModuleInteractor.swift in Sources */,
				3B0497DE2AB83AAF005EC6F0 /* ModuleViewController.swift in Sources */,
				3B0497DA2AB7853E005EC6F0 /* PokemonEntity.swift in Sources */,
				3B0497DC2AB7859C005EC6F0 /* ModuleRouter.swift in Sources */,
				3B0497B62AB70722005EC6F0 /* AppDelegate.swift in Sources */,
				3B0497B82AB70722005EC6F0 /* SceneDelegate.swift in Sources */,
				3B0497E22AB880D3005EC6F0 /* PokemonModulePresenter.swift in Sources */,
			);
			runOnlyForDeploymentPostprocessing = 0;
		};
/* End PBXSourcesBuildPhase section */

/* Begin PBXVariantGroup section */
		3B0497C02AB70723005EC6F0 /* LaunchScreen.storyboard */ = {
			isa = PBXVariantGroup;
			children = (
				3B0497C12AB70723005EC6F0 /* Base */,
			);
			name = LaunchScreen.storyboard;
			sourceTree = "<group>";
		};
/* End PBXVariantGroup section */

/* Begin XCBuildConfiguration section */
		3B0497C42AB70723005EC6F0 /* Debug */ = {
			isa = XCBuildConfiguration;
			buildSettings = {
				ALWAYS_SEARCH_USER_PATHS = NO;
				CLANG_ANALYZER_NONNULL = YES;
				CLANG_ANALYZER_NUMBER_OBJECT_CONVERSION = YES_AGGRESSIVE;
				CLANG_CXX_LANGUAGE_STANDARD = "gnu++20";
				CLANG_ENABLE_MODULES = YES;
				CLANG_ENABLE_OBJC_ARC = YES;
				CLANG_ENABLE_OBJC_WEAK = YES;
				CLANG_WARN_BLOCK_CAPTURE_AUTORELEASING = YES;
				CLANG_WARN_BOOL_CONVERSION = YES;
				CLANG_WARN_COMMA = YES;
				CLANG_WARN_CONSTANT_CONVERSION = YES;
				CLANG_WARN_DEPRECATED_OBJC_IMPLEMENTATIONS = YES;
				CLANG_WARN_DIRECT_OBJC_ISA_USAGE = YES_ERROR;
				CLANG_WARN_DOCUMENTATION_COMMENTS = YES;
				CLANG_WARN_EMPTY_BODY = YES;
				CLANG_WARN_ENUM_CONVERSION = YES;
				CLANG_WARN_INFINITE_RECURSION = YES;
				CLANG_WARN_INT_CONVERSION = YES;
				CLANG_WARN_NON_LITERAL_NULL_CONVERSION = YES;
				CLANG_WARN_OBJC_IMPLICIT_RETAIN_SELF = YES;
				CLANG_WARN_OBJC_LITERAL_CONVERSION = YES;
				CLANG_WARN_OBJC_ROOT_CLASS = YES_ERROR;
				CLANG_WARN_QUOTED_INCLUDE_IN_FRAMEWORK_HEADER = YES;
				CLANG_WARN_RANGE_LOOP_ANALYSIS = YES;
				CLANG_WARN_STRICT_PROTOTYPES = YES;
				CLANG_WARN_SUSPICIOUS_MOVE = YES;
				CLANG_WARN_UNGUARDED_AVAILABILITY = YES_AGGRESSIVE;
				CLANG_WARN_UNREACHABLE_CODE = YES;
				CLANG_WARN__DUPLICATE_METHOD_MATCH = YES;
				COPY_PHASE_STRIP = NO;
				DEBUG_INFORMATION_FORMAT = dwarf;
				ENABLE_STRICT_OBJC_MSGSEND = YES;
				ENABLE_TESTABILITY = YES;
				GCC_C_LANGUAGE_STANDARD = gnu11;
				GCC_DYNAMIC_NO_PIC = NO;
				GCC_NO_COMMON_BLOCKS = YES;
				GCC_OPTIMIZATION_LEVEL = 0;
				GCC_PREPROCESSOR_DEFINITIONS = (
					"DEBUG=1",
					"$(inherited)",
				);
				GCC_WARN_64_TO_32_BIT_CONVERSION = YES;
				GCC_WARN_ABOUT_RETURN_TYPE = YES_ERROR;
				GCC_WARN_UNDECLARED_SELECTOR = YES;
				GCC_WARN_UNINITIALIZED_AUTOS = YES_AGGRESSIVE;
				GCC_WARN_UNUSED_FUNCTION = YES;
				GCC_WARN_UNUSED_VARIABLE = YES;
				IPHONEOS_DEPLOYMENT_TARGET = 16.4;
				MTL_ENABLE_DEBUG_INFO = INCLUDE_SOURCE;
				MTL_FAST_MATH = YES;
				ONLY_ACTIVE_ARCH = YES;
				SDKROOT = iphoneos;
				SWIFT_ACTIVE_COMPILATION_CONDITIONS = DEBUG;
				SWIFT_OPTIMIZATION_LEVEL = "-Onone";
			};
			name = Debug;
		};
		3B0497C52AB70723005EC6F0 /* Release */ = {
			isa = XCBuildConfiguration;
			buildSettings = {
				ALWAYS_SEARCH_USER_PATHS = NO;
				CLANG_ANALYZER_NONNULL = YES;
				CLANG_ANALYZER_NUMBER_OBJECT_CONVERSION = YES_AGGRESSIVE;
				CLANG_CXX_LANGUAGE_STANDARD = "gnu++20";
				CLANG_ENABLE_MODULES = YES;
				CLANG_ENABLE_OBJC_ARC = YES;
				CLANG_ENABLE_OBJC_WEAK = YES;
				CLANG_WARN_BLOCK_CAPTURE_AUTORELEASING = YES;
				CLANG_WARN_BOOL_CONVERSION = YES;
				CLANG_WARN_COMMA = YES;
				CLANG_WARN_CONSTANT_CONVERSION = YES;
				CLANG_WARN_DEPRECATED_OBJC_IMPLEMENTATIONS = YES;
				CLANG_WARN_DIRECT_OBJC_ISA_USAGE = YES_ERROR;
				CLANG_WARN_DOCUMENTATION_COMMENTS = YES;
				CLANG_WARN_EMPTY_BODY = YES;
				CLANG_WARN_ENUM_CONVERSION = YES;
				CLANG_WARN_INFINITE_RECURSION = YES;
				CLANG_WARN_INT_CONVERSION = YES;
				CLANG_WARN_NON_LITERAL_NULL_CONVERSION = YES;
				CLANG_WARN_OBJC_IMPLICIT_RETAIN_SELF = YES;
				CLANG_WARN_OBJC_LITERAL_CONVERSION = YES;
				CLANG_WARN_OBJC_ROOT_CLASS = YES_ERROR;
				CLANG_WARN_QUOTED_INCLUDE_IN_FRAMEWORK_HEADER = YES;
				CLANG_WARN_RANGE_LOOP_ANALYSIS = YES;
				CLANG_WARN_STRICT_PROTOTYPES = YES;
				CLANG_WARN_SUSPICIOUS_MOVE = YES;
				CLANG_WARN_UNGUARDED_AVAILABILITY = YES_AGGRESSIVE;
				CLANG_WARN_UNREACHABLE_CODE = YES;
				CLANG_WARN__DUPLICATE_METHOD_MATCH = YES;
				COPY_PHASE_STRIP = NO;
				DEBUG_INFORMATION_FORMAT = "dwarf-with-dsym";
				ENABLE_NS_ASSERTIONS = NO;
				ENABLE_STRICT_OBJC_MSGSEND = YES;
				GCC_C_LANGUAGE_STANDARD = gnu11;
				GCC_NO_COMMON_BLOCKS = YES;
				GCC_WARN_64_TO_32_BIT_CONVERSION = YES;
				GCC_WARN_ABOUT_RETURN_TYPE = YES_ERROR;
				GCC_WARN_UNDECLARED_SELECTOR = YES;
				GCC_WARN_UNINITIALIZED_AUTOS = YES_AGGRESSIVE;
				GCC_WARN_UNUSED_FUNCTION = YES;
				GCC_WARN_UNUSED_VARIABLE = YES;
				IPHONEOS_DEPLOYMENT_TARGET = 16.4;
				MTL_ENABLE_DEBUG_INFO = NO;
				MTL_FAST_MATH = YES;
				SDKROOT = iphoneos;
				SWIFT_COMPILATION_MODE = wholemodule;
				SWIFT_OPTIMIZATION_LEVEL = "-O";
				VALIDATE_PRODUCT = YES;
			};
			name = Release;
		};
		3B0497C72AB70723005EC6F0 /* Debug */ = {
			isa = XCBuildConfiguration;
			buildSettings = {
				ASSETCATALOG_COMPILER_APPICON_NAME = AppIcon;
				ASSETCATALOG_COMPILER_GLOBAL_ACCENT_COLOR_NAME = AccentColor;
				CODE_SIGN_STYLE = Automatic;
				CURRENT_PROJECT_VERSION = 1;
				DEVELOPMENT_TEAM = A57WYPL97K;
				GENERATE_INFOPLIST_FILE = YES;
				INFOPLIST_FILE = pokemonApp/Info.plist;
				INFOPLIST_KEY_UIApplicationSupportsIndirectInputEvents = YES;
				INFOPLIST_KEY_UILaunchStoryboardName = LaunchScreen;
				INFOPLIST_KEY_UISupportedInterfaceOrientations_iPad = "UIInterfaceOrientationPortrait UIInterfaceOrientationPortraitUpsideDown UIInterfaceOrientationLandscapeLeft UIInterfaceOrientationLandscapeRight";
				INFOPLIST_KEY_UISupportedInterfaceOrientations_iPhone = "UIInterfaceOrientationPortrait UIInterfaceOrientationLandscapeLeft UIInterfaceOrientationLandscapeRight";
				LD_RUNPATH_SEARCH_PATHS = (
					"$(inherited)",
					"@executable_path/Frameworks",
				);
				MARKETING_VERSION = 1.0;
				PRODUCT_BUNDLE_IDENTIFIER = andrei1899.pokemonApp;
				PRODUCT_NAME = "$(TARGET_NAME)";
				SWIFT_EMIT_LOC_STRINGS = YES;
				SWIFT_VERSION = 5.0;
				TARGETED_DEVICE_FAMILY = "1,2";
			};
			name = Debug;
		};
		3B0497C82AB70723005EC6F0 /* Release */ = {
			isa = XCBuildConfiguration;
			buildSettings = {
				ASSETCATALOG_COMPILER_APPICON_NAME = AppIcon;
				ASSETCATALOG_COMPILER_GLOBAL_ACCENT_COLOR_NAME = AccentColor;
				CODE_SIGN_STYLE = Automatic;
				CURRENT_PROJECT_VERSION = 1;
				DEVELOPMENT_TEAM = A57WYPL97K;
				GENERATE_INFOPLIST_FILE = YES;
				INFOPLIST_FILE = pokemonApp/Info.plist;
				INFOPLIST_KEY_UIApplicationSupportsIndirectInputEvents = YES;
				INFOPLIST_KEY_UILaunchStoryboardName = LaunchScreen;
				INFOPLIST_KEY_UISupportedInterfaceOrientations_iPad = "UIInterfaceOrientationPortrait UIInterfaceOrientationPortraitUpsideDown UIInterfaceOrientationLandscapeLeft UIInterfaceOrientationLandscapeRight";
				INFOPLIST_KEY_UISupportedInterfaceOrientations_iPhone = "UIInterfaceOrientationPortrait UIInterfaceOrientationLandscapeLeft UIInterfaceOrientationLandscapeRight";
				LD_RUNPATH_SEARCH_PATHS = (
					"$(inherited)",
					"@executable_path/Frameworks",
				);
				MARKETING_VERSION = 1.0;
				PRODUCT_BUNDLE_IDENTIFIER = andrei1899.pokemonApp;
				PRODUCT_NAME = "$(TARGET_NAME)";
				SWIFT_EMIT_LOC_STRINGS = YES;
				SWIFT_VERSION = 5.0;
				TARGETED_DEVICE_FAMILY = "1,2";
			};
			name = Release;
		};
/* End XCBuildConfiguration section */

/* Begin XCConfigurationList section */
		3B0497AD2AB70722005EC6F0 /* Build configuration list for PBXProject "pokemonApp" */ = {
			isa = XCConfigurationList;
			buildConfigurations = (
				3B0497C42AB70723005EC6F0 /* Debug */,
				3B0497C52AB70723005EC6F0 /* Release */,
			);
			defaultConfigurationIsVisible = 0;
			defaultConfigurationName = Release;
		};
		3B0497C62AB70723005EC6F0 /* Build configuration list for PBXNativeTarget "pokemonApp" */ = {
			isa = XCConfigurationList;
			buildConfigurations = (
				3B0497C72AB70723005EC6F0 /* Debug */,
				3B0497C82AB70723005EC6F0 /* Release */,
			);
			defaultConfigurationIsVisible = 0;
			defaultConfigurationName = Release;
		};
/* End XCConfigurationList section */
	};
	rootObject = 3B0497AA2AB70722005EC6F0 /* Project object */;
}
